
Microsoft Visual Studio Solution File, Format Version 12.00
# Visual Studio 15
VisualStudioVersion = 15.0.28307.1433
MinimumVisualStudioVersion = 10.0.40219.1
Project("{9A19103F-16F7-4668-BE54-9A1E7A4F7556}") = "ManagedXZ", "ManagedXZ\ManagedXZ.csproj", "{17BD3A4E-7540-4C98-A37E-4CC1AFF32FD7}"
EndProject
Project("{FAE04EC0-301F-11D3-BF4B-00C04F79EFBC}") = "ManagedXZ.Tests", "ManagedXZ.Tests\ManagedXZ.Tests.csproj", "{464993C5-65D9-4FA7-91B5-CC254A3E6C8B}"
EndProject
Project("{FAE04EC0-301F-11D3-BF4B-00C04F79EFBC}") = "Tests", "Tests\Tests.csproj", "{077C4D24-57B5-4010-A5F0-4F9C98E5D5B7}"
EndProject
Global
	GlobalSection(SolutionConfigurationPlatforms) = preSolution
		Debug|Any CPU = Debug|Any CPU
		Release|Any CPU = Release|Any CPU
	EndGlobalSection
	GlobalSection(ProjectConfigurationPlatforms) = postSolution
		{17BD3A4E-7540-4C98-A37E-4CC1AFF32FD7}.Debug|Any CPU.ActiveCfg = Debug|Any CPU
		{17BD3A4E-7540-4C98-A37E-4CC1AFF32FD7}.Debug|Any CPU.Build.0 = Debug|Any CPU
		{17BD3A4E-7540-4C98-A37E-4CC1AFF32FD7}.Release|Any CPU.ActiveCfg = Release|Any CPU
		{17BD3A4E-7540-4C98-A37E-4CC1AFF32FD7}.Release|Any CPU.Build.0 = Release|Any CPU
		{464993C5-65D9-4FA7-91B5-CC254A3E6C8B}.Debug|Any CPU.ActiveCfg = Debug|Any CPU
		{464993C5-65D9-4FA7-91B5-CC254A3E6C8B}.Debug|Any CPU.Build.0 = Debug|Any CPU
		{464993C5-65D9-4FA7-91B5-CC254A3E6C8B}.Release|Any CPU.ActiveCfg = Release|Any CPU
		{464993C5-65D9-4FA7-91B5-CC254A3E6C8B}.Release|Any CPU.Build.0 = Release|Any CPU
		{077C4D24-57B5-4010-A5F0-4F9C98E5D5B7}.Debug|Any CPU.ActiveCfg = Debug|Any CPU
		{077C4D24-57B5-4010-A5F0-4F9C98E5D5B7}.Debug|Any CPU.Build.0 = Debug|Any CPU
		{077C4D24-57B5-4010-A5F0-4F9C98E5D5B7}.Release|Any CPU.ActiveCfg = Release|Any CPU
		{077C4D24-57B5-4010-A5F0-4F9C98E5D5B7}.Release|Any CPU.Build.0 = Release|Any CPU
	EndGlobalSection
	GlobalSection(SolutionProperties) = preSolution
		HideSolutionNode = FALSE
	EndGlobalSection
	GlobalSection(ExtensibilityGlobals) = postSolution
		SolutionGuid = {361B6361-177D-4442-A251-A8638A2C4FF9}
	EndGlobalSection
EndGlobal
